
Microsoft Visual Studio Solution File, Format Version 12.00
# Visual Studio Version 16
VisualStudioVersion = 16.0.30204.135
MinimumVisualStudioVersion = 10.0.40219.1
Project("{FAE04EC0-301F-11D3-BF4B-00C04F79EFBC}") = "Bosch_CRMTraining", "Bosch_CRMTraining\Bosch_CRMTraining.csproj", "{2745F7EF-CA07-463A-938F-86C44F75A14F}"
EndProject
Global
	GlobalSection(SolutionConfigurationPlatforms) = preSolution
		Debug|Any CPU = Debug|Any CPU
		Release|Any CPU = Release|Any CPU
	EndGlobalSection
	GlobalSection(ProjectConfigurationPlatforms) = postSolution
		{2745F7EF-CA07-463A-938F-86C44F75A14F}.Debug|Any CPU.ActiveCfg = Debug|Any CPU
		{2745F7EF-CA07-463A-938F-86C44F75A14F}.Debug|Any CPU.Build.0 = Debug|Any CPU
		{2745F7EF-CA07-463A-938F-86C44F75A14F}.Release|Any CPU.ActiveCfg = Release|Any CPU
		{2745F7EF-CA07-463A-938F-86C44F75A14F}.Release|Any CPU.Build.0 = Release|Any CPU
	EndGlobalSection
	GlobalSection(SolutionProperties) = preSolution
		HideSolutionNode = FALSE
	EndGlobalSection
	GlobalSection(ExtensibilityGlobals) = postSolution
		SolutionGuid = {6B430933-D730-452A-8C04-3AA80B5B988C}
	EndGlobalSection
EndGlobal
